
Microsoft Visual Studio Solution File, Format Version 12.00
# Visual Studio Version 16
VisualStudioVersion = 16.0.31019.35
MinimumVisualStudioVersion = 10.0.40219.1
Project("{888888A0-9F3D-457C-B088-3A5042F75D52}") = "vrcw1", "vrcw1\vrcw1.pyproj", "{E62830AA-C3A8-467A-AEF4-2321DDE200AD}"
EndProject
Global
	GlobalSection(SolutionConfigurationPlatforms) = preSolution
		Debug|Any CPU = Debug|Any CPU
		Release|Any CPU = Release|Any CPU
	EndGlobalSection
	GlobalSection(ProjectConfigurationPlatforms) = postSolution
		{E62830AA-C3A8-467A-AEF4-2321DDE200AD}.Debug|Any CPU.ActiveCfg = Debug|Any CPU
		{E62830AA-C3A8-467A-AEF4-2321DDE200AD}.Release|Any CPU.ActiveCfg = Release|Any CPU
	EndGlobalSection
	GlobalSection(SolutionProperties) = preSolution
		HideSolutionNode = FALSE
	EndGlobalSection
	GlobalSection(ExtensibilityGlobals) = postSolution
		SolutionGuid = {6AB1AAF4-9C28-4D60-8322-4794C3193275}
	EndGlobalSection
EndGlobal
